
Microsoft Visual Studio Solution File, Format Version 12.00
# Visual Studio Version 17
VisualStudioVersion = 17.14.36121.58
MinimumVisualStudioVersion = 10.0.40219.1
Project("{FAE04EC0-301F-11D3-BF4B-00C04F79EFBC}") = "InMemoryCaching", "InMemoryCaching\InMemoryCaching.csproj", "{605A0C9A-8E1D-4A8C-B92A-B0889C800D78}"
EndProject
Project("{FAE04EC0-301F-11D3-BF4B-00C04F79EFBC}") = "DistributedCaching", "DistributedCaching\DistributedCaching.csproj", "{8BA9D3C4-3A96-48DB-9E27-5011DFC440AA}"
EndProject
Project("{FAE04EC0-301F-11D3-BF4B-00C04F79EFBC}") = "Redis_Pub.Sub_PublisherExample", "Redis_Pub.Sub.Example\Redis_Pub.Sub_PublisherExample.csproj", "{AE39B635-5EF1-4BD1-87B1-9D84E76DF17C}"
EndProject
Project("{FAE04EC0-301F-11D3-BF4B-00C04F79EFBC}") = "Redis_Pub.Sub_SubscriberExample", "Redis_Pub.Sub_SubscriberExample\Redis_Pub.Sub_SubscriberExample.csproj", "{8785F9C0-3FB1-4983-B070-940F5EB636FC}"
EndProject
Global
	GlobalSection(SolutionConfigurationPlatforms) = preSolution
		Debug|Any CPU = Debug|Any CPU
		Release|Any CPU = Release|Any CPU
	EndGlobalSection
	GlobalSection(ProjectConfigurationPlatforms) = postSolution
		{605A0C9A-8E1D-4A8C-B92A-B0889C800D78}.Debug|Any CPU.ActiveCfg = Debug|Any CPU
		{605A0C9A-8E1D-4A8C-B92A-B0889C800D78}.Debug|Any CPU.Build.0 = Debug|Any CPU
		{605A0C9A-8E1D-4A8C-B92A-B0889C800D78}.Release|Any CPU.ActiveCfg = Release|Any CPU
		{605A0C9A-8E1D-4A8C-B92A-B0889C800D78}.Release|Any CPU.Build.0 = Release|Any CPU
		{8BA9D3C4-3A96-48DB-9E27-5011DFC440AA}.Debug|Any CPU.ActiveCfg = Debug|Any CPU
		{8BA9D3C4-3A96-48DB-9E27-5011DFC440AA}.Debug|Any CPU.Build.0 = Debug|Any CPU
		{8BA9D3C4-3A96-48DB-9E27-5011DFC440AA}.Release|Any CPU.ActiveCfg = Release|Any CPU
		{8BA9D3C4-3A96-48DB-9E27-5011DFC440AA}.Release|Any CPU.Build.0 = Release|Any CPU
		{AE39B635-5EF1-4BD1-87B1-9D84E76DF17C}.Debug|Any CPU.ActiveCfg = Debug|Any CPU
		{AE39B635-5EF1-4BD1-87B1-9D84E76DF17C}.Debug|Any CPU.Build.0 = Debug|Any CPU
		{AE39B635-5EF1-4BD1-87B1-9D84E76DF17C}.Release|Any CPU.ActiveCfg = Release|Any CPU
		{AE39B635-5EF1-4BD1-87B1-9D84E76DF17C}.Release|Any CPU.Build.0 = Release|Any CPU
		{8785F9C0-3FB1-4983-B070-940F5EB636FC}.Debug|Any CPU.ActiveCfg = Debug|Any CPU
		{8785F9C0-3FB1-4983-B070-940F5EB636FC}.Debug|Any CPU.Build.0 = Debug|Any CPU
		{8785F9C0-3FB1-4983-B070-940F5EB636FC}.Release|Any CPU.ActiveCfg = Release|Any CPU
		{8785F9C0-3FB1-4983-B070-940F5EB636FC}.Release|Any CPU.Build.0 = Release|Any CPU
	EndGlobalSection
	GlobalSection(SolutionProperties) = preSolution
		HideSolutionNode = FALSE
	EndGlobalSection
	GlobalSection(ExtensibilityGlobals) = postSolution
		SolutionGuid = {D12D0640-A774-4975-A5A8-613BD76871A9}
	EndGlobalSection
EndGlobal
